// !$*UTF8*$!
{
	archiveVersion = 1;
	classes = {
	};
	objectVersion = 50;
	objects = {

/* Begin PBXBuildFile section */
		5E26B5852140C24F00165789 /* AppDelegate.swift in Sources */ = {isa = PBXBuildFile; fileRef = 5E26B5842140C24F00165789 /* AppDelegate.swift */; };
		5E26B5872140C24F00165789 /* ViewController.swift in Sources */ = {isa = PBXBuildFile; fileRef = 5E26B5862140C24F00165789 /* ViewController.swift */; };
		5E26B58A2140C24F00165789 /* Main.storyboard in Resources */ = {isa = PBXBuildFile; fileRef = 5E26B5882140C24F00165789 /* Main.storyboard */; };
		5E26B58C2140C25000165789 /* Assets.xcassets in Resources */ = {isa = PBXBuildFile; fileRef = 5E26B58B2140C25000165789 /* Assets.xcassets */; };
		5E26B58F2140C25000165789 /* LaunchScreen.storyboard in Resources */ = {isa = PBXBuildFile; fileRef = 5E26B58D2140C25000165789 /* LaunchScreen.storyboard */; };
		5E26B59A2140C25100165789 /* Cold_CallTests.swift in Sources */ = {isa = PBXBuildFile; fileRef = 5E26B5992140C25100165789 /* Cold_CallTests.swift */; };
		5E26B5A52140C25100165789 /* Cold_CallUITests.swift in Sources */ = {isa = PBXBuildFile; fileRef = 5E26B5A42140C25100165789 /* Cold_CallUITests.swift */; };
/* End PBXBuildFile section */

/* Begin PBXContainerItemProxy section */
		5E26B5962140C25100165789 /* PBXContainerItemProxy */ = {
			isa = PBXContainerItemProxy;
			containerPortal = 5E26B5792140C24F00165789 /* Project object */;
			proxyType = 1;
			remoteGlobalIDString = 5E26B5802140C24F00165789;
			remoteInfo = "Cold Call";
		};
		5E26B5A12140C25100165789 /* PBXContainerItemProxy */ = {
			isa = PBXContainerItemProxy;
			containerPortal = 5E26B5792140C24F00165789 /* Project object */;
			proxyType = 1;
			remoteGlobalIDString = 5E26B5802140C24F00165789;
			remoteInfo = "Cold Call";
		};
/* End PBXContainerItemProxy section */

/* Begin PBXFileReference section */
		5E26B5812140C24F00165789 /* Cold Call.app */ = {isa = PBXFileReference; explicitFileType = wrapper.application; includeInIndex = 0; path = "Cold Call.app"; sourceTree = BUILT_PRODUCTS_DIR; };
		5E26B5842140C24F00165789 /* AppDelegate.swift */ = {isa = PBXFileReference; lastKnownFileType = sourcecode.swift; path = AppDelegate.swift; sourceTree = "<group>"; };
		5E26B5862140C24F00165789 /* ViewController.swift */ = {isa = PBXFileReference; lastKnownFileType = sourcecode.swift; path = ViewController.swift; sourceTree = "<group>"; };
		5E26B5892140C24F00165789 /* Base */ = {isa = PBXFileReference; lastKnownFileType = file.storyboard; name = Base; path = Base.lproj/Main.storyboard; sourceTree = "<group>"; };
		5E26B58B2140C25000165789 /* Assets.xcassets */ = {isa = PBXFileReference; lastKnownFileType = folder.assetcatalog; path = Assets.xcassets; sourceTree = "<group>"; };
		5E26B58E2140C25000165789 /* Base */ = {isa = PBXFileReference; lastKnownFileType = file.storyboard; name = Base; path = Base.lproj/LaunchScreen.storyboard; sourceTree = "<group>"; };
		5E26B5902140C25000165789 /* Info.plist */ = {isa = PBXFileReference; lastKnownFileType = text.plist.xml; path = Info.plist; sourceTree = "<group>"; };
		5E26B5952140C25100165789 /* Cold CallTests.xctest */ = {isa = PBXFileReference; explicitFileType = wrapper.cfbundle; includeInIndex = 0; path = "Cold CallTests.xctest"; sourceTree = BUILT_PRODUCTS_DIR; };
		5E26B5992140C25100165789 /* Cold_CallTests.swift */ = {isa = PBXFileReference; lastKnownFileType = sourcecode.swift; path = Cold_CallTests.swift; sourceTree = "<group>"; };
		5E26B59B2140C25100165789 /* Info.plist */ = {isa = PBXFileReference; lastKnownFileType = text.plist.xml; path = Info.plist; sourceTree = "<group>"; };
		5E26B5A02140C25100165789 /* Cold CallUITests.xctest */ = {isa = PBXFileReference; explicitFileType = wrapper.cfbundle; includeInIndex = 0; path = "Cold CallUITests.xctest"; sourceTree = BUILT_PRODUCTS_DIR; };
		5E26B5A42140C25100165789 /* Cold_CallUITests.swift */ = {isa = PBXFileReference; lastKnownFileType = sourcecode.swift; path = Cold_CallUITests.swift; sourceTree = "<group>"; };
		5E26B5A62140C25100165789 /* Info.plist */ = {isa = PBXFileReference; lastKnownFileType = text.plist.xml; path = Info.plist; sourceTree = "<group>"; };
/* End PBXFileReference section */

/* Begin PBXFrameworksBuildPhase section */
		5E26B57E2140C24F00165789 /* Frameworks */ = {
			isa = PBXFrameworksBuildPhase;
			buildActionMask = 2147483647;
			files = (
			);
			runOnlyForDeploymentPostprocessing = 0;
		};
		5E26B5922140C25100165789 /* Frameworks */ = {
			isa = PBXFrameworksBuildPhase;
			buildActionMask = 2147483647;
			files = (
			);
			runOnlyForDeploymentPostprocessing = 0;
		};
		5E26B59D2140C25100165789 /* Frameworks */ = {
			isa = PBXFrameworksBuildPhase;
			buildActionMask = 2147483647;
			files = (
			);
			runOnlyForDeploymentPostprocessing = 0;
		};
/* End PBXFrameworksBuildPhase section */

/* Begin PBXGroup section */
		5E26B5782140C24F00165789 = {
			isa = PBXGroup;
			children = (
				5E26B5832140C24F00165789 /* Cold Call */,
				5E26B5982140C25100165789 /* Cold CallTests */,
				5E26B5A32140C25100165789 /* Cold CallUITests */,
				5E26B5822140C24F00165789 /* Products */,
			);
			sourceTree = "<group>";
		};
		5E26B5822140C24F00165789 /* Products */ = {
			isa = PBXGroup;
			children = (
				5E26B5812140C24F00165789 /* Cold Call.app */,
				5E26B5952140C25100165789 /* Cold CallTests.xctest */,
				5E26B5A02140C25100165789 /* Cold CallUITests.xctest */,
			);
			name = Products;
			sourceTree = "<group>";
		};
		5E26B5832140C24F00165789 /* Cold Call */ = {
			isa = PBXGroup;
			children = (
				5E26B5842140C24F00165789 /* AppDelegate.swift */,
				5E26B5862140C24F00165789 /* ViewController.swift */,
				5E26B5882140C24F00165789 /* Main.storyboard */,
				5E26B58B2140C25000165789 /* Assets.xcassets */,
				5E26B58D2140C25000165789 /* LaunchScreen.storyboard */,
				5E26B5902140C25000165789 /* Info.plist */,
			);
			path = "Cold Call";
			sourceTree = "<group>";
		};
		5E26B5982140C25100165789 /* Cold CallTests */ = {
			isa = PBXGroup;
			children = (
				5E26B5992140C25100165789 /* Cold_CallTests.swift */,
				5E26B59B2140C25100165789 /* Info.plist */,
			);
			path = "Cold CallTests";
			sourceTree = "<group>";
		};
		5E26B5A32140C25100165789 /* Cold CallUITests */ = {
			isa = PBXGroup;
			children = (
				5E26B5A42140C25100165789 /* Cold_CallUITests.swift */,
				5E26B5A62140C25100165789 /* Info.plist */,
			);
			path = "Cold CallUITests";
			sourceTree = "<group>";
		};
/* End PBXGroup section */

/* Begin PBXNativeTarget section */
		5E26B5802140C24F00165789 /* Cold Call */ = {
			isa = PBXNativeTarget;
			buildConfigurationList = 5E26B5A92140C25100165789 /* Build configuration list for PBXNativeTarget "Cold Call" */;
			buildPhases = (
				5E26B57D2140C24F00165789 /* Sources */,
				5E26B57E2140C24F00165789 /* Frameworks */,
				5E26B57F2140C24F00165789 /* Resources */,
			);
			buildRules = (
			);
			dependencies = (
			);
			name = "Cold Call";
			productName = "Cold Call";
			productReference = 5E26B5812140C24F00165789 /* Cold Call.app */;
			productType = "com.apple.product-type.application";
		};
		5E26B5942140C25100165789 /* Cold CallTests */ = {
			isa = PBXNativeTarget;
			buildConfigurationList = 5E26B5AC2140C25100165789 /* Build configuration list for PBXNativeTarget "Cold CallTests" */;
			buildPhases = (
				5E26B5912140C25100165789 /* Sources */,
				5E26B5922140C25100165789 /* Frameworks */,
				5E26B5932140C25100165789 /* Resources */,
			);
			buildRules = (
			);
			dependencies = (
				5E26B5972140C25100165789 /* PBXTargetDependency */,
			);
			name = "Cold CallTests";
			productName = "Cold CallTests";
			productReference = 5E26B5952140C25100165789 /* Cold CallTests.xctest */;
			productType = "com.apple.product-type.bundle.unit-test";
		};
		5E26B59F2140C25100165789 /* Cold CallUITests */ = {
			isa = PBXNativeTarget;
			buildConfigurationList = 5E26B5AF2140C25100165789 /* Build configuration list for PBXNativeTarget "Cold CallUITests" */;
			buildPhases = (
				5E26B59C2140C25100165789 /* Sources */,
				5E26B59D2140C25100165789 /* Frameworks */,
				5E26B59E2140C25100165789 /* Resources */,
			);
			buildRules = (
			);
			dependencies = (
				5E26B5A22140C25100165789 /* PBXTargetDependency */,
			);
			name = "Cold CallUITests";
			productName = "Cold CallUITests";
			productReference = 5E26B5A02140C25100165789 /* Cold CallUITests.xctest */;
			productType = "com.apple.product-type.bundle.ui-testing";
		};
/* End PBXNativeTarget section */

/* Begin PBXProject section */
		5E26B5792140C24F00165789 /* Project object */ = {
			isa = PBXProject;
			attributes = {
				LastSwiftUpdateCheck = 0940;
				LastUpgradeCheck = 0940;
				ORGANIZATIONNAME = "Isabell Frischmann";
				TargetAttributes = {
					5E26B5802140C24F00165789 = {
						CreatedOnToolsVersion = 9.4.1;
					};
					5E26B5942140C25100165789 = {
						CreatedOnToolsVersion = 9.4.1;
						TestTargetID = 5E26B5802140C24F00165789;
					};
					5E26B59F2140C25100165789 = {
						CreatedOnToolsVersion = 9.4.1;
						TestTargetID = 5E26B5802140C24F00165789;
					};
				};
			};
			buildConfigurationList = 5E26B57C2140C24F00165789 /* Build configuration list for PBXProject "Cold Call" */;
			compatibilityVersion = "Xcode 9.3";
			developmentRegion = en;
			hasScannedForEncodings = 0;
			knownRegions = (
				en,
				Base,
			);
			mainGroup = 5E26B5782140C24F00165789;
			productRefGroup = 5E26B5822140C24F00165789 /* Products */;
			projectDirPath = "";
			projectRoot = "";
			targets = (
				5E26B5802140C24F00165789 /* Cold Call */,
				5E26B5942140C25100165789 /* Cold CallTests */,
				5E26B59F2140C25100165789 /* Cold CallUITests */,
			);
		};
/* End PBXProject section */

/* Begin PBXResourcesBuildPhase section */
		5E26B57F2140C24F00165789 /* Resources */ = {
			isa = PBXResourcesBuildPhase;
			buildActionMask = 2147483647;
			files = (
				5E26B58F2140C25000165789 /* LaunchScreen.storyboard in Resources */,
				5E26B58C2140C25000165789 /* Assets.xcassets in Resources */,
				5E26B58A2140C24F00165789 /* Main.storyboard in Resources */,
			);
			runOnlyForDeploymentPostprocessing = 0;
		};
		5E26B5932140C25100165789 /* Resources */ = {
			isa = PBXResourcesBuildPhase;
			buildActionMask = 2147483647;
			files = (
			);
			runOnlyForDeploymentPostprocessing = 0;
		};
		5E26B59E2140C25100165789 /* Resources */ = {
			isa = PBXResourcesBuildPhase;
			buildActionMask = 2147483647;
			files = (
			);
			runOnlyForDeploymentPostprocessing = 0;
		};
/* End PBXResourcesBuildPhase section */

/* Begin PBXSourcesBuildPhase section */
		5E26B57D2140C24F00165789 /* Sources */ = {
			isa = PBXSourcesBuildPhase;
			buildActionMask = 2147483647;
			files = (
				5E26B5872140C24F00165789 /* ViewController.swift in Sources */,
				5E26B5852140C24F00165789 /* AppDelegate.swift in Sources */,
			);
			runOnlyForDeploymentPostprocessing = 0;
		};
		5E26B5912140C25100165789 /* Sources */ = {
			isa = PBXSourcesBuildPhase;
			buildActionMask = 2147483647;
			files = (
				5E26B59A2140C25100165789 /* Cold_CallTests.swift in Sources */,
			);
			runOnlyForDeploymentPostprocessing = 0;
		};
		5E26B59C2140C25100165789 /* Sources */ = {
			isa = PBXSourcesBuildPhase;
			buildActionMask = 2147483647;
			files = (
				5E26B5A52140C25100165789 /* Cold_CallUITests.swift in Sources */,
			);
			runOnlyForDeploymentPostprocessing = 0;
		};
/* End PBXSourcesBuildPhase section */

/* Begin PBXTargetDependency section */
		5E26B5972140C25100165789 /* PBXTargetDependency */ = {
			isa = PBXTargetDependency;
			target = 5E26B5802140C24F00165789 /* Cold Call */;
			targetProxy = 5E26B5962140C25100165789 /* PBXContainerItemProxy */;
		};
		5E26B5A22140C25100165789 /* PBXTargetDependency */ = {
			isa = PBXTargetDependency;
			target = 5E26B5802140C24F00165789 /* Cold Call */;
			targetProxy = 5E26B5A12140C25100165789 /* PBXContainerItemProxy */;
		};
/* End PBXTargetDependency section */

/* Begin PBXVariantGroup section */
		5E26B5882140C24F00165789 /* Main.storyboard */ = {
			isa = PBXVariantGroup;
			children = (
				5E26B5892140C24F00165789 /* Base */,
			);
			name = Main.storyboard;
			sourceTree = "<group>";
		};
		5E26B58D2140C25000165789 /* LaunchScreen.storyboard */ = {
			isa = PBXVariantGroup;
			children = (
				5E26B58E2140C25000165789 /* Base */,
			);
			name = LaunchScreen.storyboard;
			sourceTree = "<group>";
		};
/* End PBXVariantGroup section */

/* Begin XCBuildConfiguration section */
		5E26B5A72140C25100165789 /* Debug */ = {
			isa = XCBuildConfiguration;
			buildSettings = {
				ALWAYS_SEARCH_USER_PATHS = NO;
				CLANG_ANALYZER_NONNULL = YES;
				CLANG_ANALYZER_NUMBER_OBJECT_CONVERSION = YES_AGGRESSIVE;
				CLANG_CXX_LANGUAGE_STANDARD = "gnu++14";
				CLANG_CXX_LIBRARY = "libc++";
				CLANG_ENABLE_MODULES = YES;
				CLANG_ENABLE_OBJC_ARC = YES;
				CLANG_ENABLE_OBJC_WEAK = YES;
				CLANG_WARN_BLOCK_CAPTURE_AUTORELEASING = YES;
				CLANG_WARN_BOOL_CONVERSION = YES;
				CLANG_WARN_COMMA = YES;
				CLANG_WARN_CONSTANT_CONVERSION = YES;
				CLANG_WARN_DEPRECATED_OBJC_IMPLEMENTATIONS = YES;
				CLANG_WARN_DIRECT_OBJC_ISA_USAGE = YES_ERROR;
				CLANG_WARN_DOCUMENTATION_COMMENTS = YES;
				CLANG_WARN_EMPTY_BODY = YES;
				CLANG_WARN_ENUM_CONVERSION = YES;
				CLANG_WARN_INFINITE_RECURSION = YES;
				CLANG_WARN_INT_CONVERSION = YES;
				CLANG_WARN_NON_LITERAL_NULL_CONVERSION = YES;
				CLANG_WARN_OBJC_IMPLICIT_RETAIN_SELF = YES;
				CLANG_WARN_OBJC_LITERAL_CONVERSION = YES;
				CLANG_WARN_OBJC_ROOT_CLASS = YES_ERROR;
				CLANG_WARN_RANGE_LOOP_ANALYSIS = YES;
				CLANG_WARN_STRICT_PROTOTYPES = YES;
				CLANG_WARN_SUSPICIOUS_MOVE = YES;
				CLANG_WARN_UNGUARDED_AVAILABILITY = YES_AGGRESSIVE;
				CLANG_WARN_UNREACHABLE_CODE = YES;
				CLANG_WARN__DUPLICATE_METHOD_MATCH = YES;
				CODE_SIGN_IDENTITY = "iPhone Developer";
				COPY_PHASE_STRIP = NO;
				DEBUG_INFORMATION_FORMAT = dwarf;
				ENABLE_STRICT_OBJC_MSGSEND = YES;
				ENABLE_TESTABILITY = YES;
				GCC_C_LANGUAGE_STANDARD = gnu11;
				GCC_DYNAMIC_NO_PIC = NO;
				GCC_NO_COMMON_BLOCKS = YES;
				GCC_OPTIMIZATION_LEVEL = 0;
				GCC_PREPROCESSOR_DEFINITIONS = (
					"DEBUG=1",
					"$(inherited)",
				);
				GCC_WARN_64_TO_32_BIT_CONVERSION = YES;
				GCC_WARN_ABOUT_RETURN_TYPE = YES_ERROR;
				GCC_WARN_UNDECLARED_SELECTOR = YES;
				GCC_WARN_UNINITIALIZED_AUTOS = YES_AGGRESSIVE;
				GCC_WARN_UNUSED_FUNCTION = YES;
				GCC_WARN_UNUSED_VARIABLE = YES;
				IPHONEOS_DEPLOYMENT_TARGET = 11.4;
				MTL_ENABLE_DEBUG_INFO = YES;
				ONLY_ACTIVE_ARCH = YES;
				SDKROOT = iphoneos;
				SWIFT_ACTIVE_COMPILATION_CONDITIONS = DEBUG;
				SWIFT_OPTIMIZATION_LEVEL = "-Onone";
			};
			name = Debug;
		};
		5E26B5A82140C25100165789 /* Release */ = {
			isa = XCBuildConfiguration;
			buildSettings = {
				ALWAYS_SEARCH_USER_PATHS = NO;
				CLANG_ANALYZER_NONNULL = YES;
				CLANG_ANALYZER_NUMBER_OBJECT_CONVERSION = YES_AGGRESSIVE;
				CLANG_CXX_LANGUAGE_STANDARD = "gnu++14";
				CLANG_CXX_LIBRARY = "libc++";
				CLANG_ENABLE_MODULES = YES;
				CLANG_ENABLE_OBJC_ARC = YES;
				CLANG_ENABLE_OBJC_WEAK = YES;
				CLANG_WARN_BLOCK_CAPTURE_AUTORELEASING = YES;
				CLANG_WARN_BOOL_CONVERSION = YES;
				CLANG_WARN_COMMA = YES;
				CLANG_WARN_CONSTANT_CONVERSION = YES;
				CLANG_WARN_DEPRECATED_OBJC_IMPLEMENTATIONS = YES;
				CLANG_WARN_DIRECT_OBJC_ISA_USAGE = YES_ERROR;
				CLANG_WARN_DOCUMENTATION_COMMENTS = YES;
				CLANG_WARN_EMPTY_BODY = YES;
				CLANG_WARN_ENUM_CONVERSION = YES;
				CLANG_WARN_INFINITE_RECURSION = YES;
				CLANG_WARN_INT_CONVERSION = YES;
				CLANG_WARN_NON_LITERAL_NULL_CONVERSION = YES;
				CLANG_WARN_OBJC_IMPLICIT_RETAIN_SELF = YES;
				CLANG_WARN_OBJC_LITERAL_CONVERSION = YES;
				CLANG_WARN_OBJC_ROOT_CLASS = YES_ERROR;
				CLANG_WARN_RANGE_LOOP_ANALYSIS = YES;
				CLANG_WARN_STRICT_PROTOTYPES = YES;
				CLANG_WARN_SUSPICIOUS_MOVE = YES;
				CLANG_WARN_UNGUARDED_AVAILABILITY = YES_AGGRESSIVE;
				CLANG_WARN_UNREACHABLE_CODE = YES;
				CLANG_WARN__DUPLICATE_METHOD_MATCH = YES;
				CODE_SIGN_IDENTITY = "iPhone Developer";
				COPY_PHASE_STRIP = NO;
				DEBUG_INFORMATION_FORMAT = "dwarf-with-dsym";
				ENABLE_NS_ASSERTIONS = NO;
				ENABLE_STRICT_OBJC_MSGSEND = YES;
				GCC_C_LANGUAGE_STANDARD = gnu11;
				GCC_NO_COMMON_BLOCKS = YES;
				GCC_WARN_64_TO_32_BIT_CONVERSION = YES;
				GCC_WARN_ABOUT_RETURN_TYPE = YES_ERROR;
				GCC_WARN_UNDECLARED_SELECTOR = YES;
				GCC_WARN_UNINITIALIZED_AUTOS = YES_AGGRESSIVE;
				GCC_WARN_UNUSED_FUNCTION = YES;
				GCC_WARN_UNUSED_VARIABLE = YES;
				IPHONEOS_DEPLOYMENT_TARGET = 11.4;
				MTL_ENABLE_DEBUG_INFO = NO;
				SDKROOT = iphoneos;
				SWIFT_COMPILATION_MODE = wholemodule;
				SWIFT_OPTIMIZATION_LEVEL = "-O";
				VALIDATE_PRODUCT = YES;
			};
			name = Release;
		};
		5E26B5AA2140C25100165789 /* Debug */ = {
			isa = XCBuildConfiguration;
			buildSettings = {
				ASSETCATALOG_COMPILER_APPICON_NAME = AppIcon;
				CODE_SIGN_STYLE = Automatic;
				DEVELOPMENT_TEAM = 99Q8L2A6M6;
				INFOPLIST_FILE = "Cold Call/Info.plist";
				LD_RUNPATH_SEARCH_PATHS = (
					"$(inherited)",
					"@executable_path/Frameworks",
				);
				PRODUCT_BUNDLE_IDENTIFIER = "com.isabellfrischmann.Cold-Call";
				PRODUCT_NAME = "$(TARGET_NAME)";
				SWIFT_VERSION = 4.0;
				TARGETED_DEVICE_FAMILY = "1,2";
			};
			name = Debug;
		};
		5E26B5AB2140C25100165789 /* Release */ = {
			isa = XCBuildConfiguration;
			buildSettings = {
				ASSETCATALOG_COMPILER_APPICON_NAME = AppIcon;
				CODE_SIGN_STYLE = Automatic;
				DEVELOPMENT_TEAM = 99Q8L2A6M6;
				INFOPLIST_FILE = "Cold Call/Info.plist";
				LD_RUNPATH_SEARCH_PATHS = (
					"$(inherited)",
					"@executable_path/Frameworks",
				);
				PRODUCT_BUNDLE_IDENTIFIER = "com.isabellfrischmann.Cold-Call";
				PRODUCT_NAME = "$(TARGET_NAME)";
				SWIFT_VERSION = 4.0;
				TARGETED_DEVICE_FAMILY = "1,2";
			};
			name = Release;
		};
		5E26B5AD2140C25100165789 /* Debug */ = {
			isa = XCBuildConfiguration;
			buildSettings = {
				ALWAYS_EMBED_SWIFT_STANDARD_LIBRARIES = YES;
				BUNDLE_LOADER = "$(TEST_HOST)";
				CODE_SIGN_STYLE = Automatic;
				DEVELOPMENT_TEAM = 99Q8L2A6M6;
				INFOPLIST_FILE = "Cold CallTests/Info.plist";
				LD_RUNPATH_SEARCH_PATHS = (
					"$(inherited)",
					"@executable_path/Frameworks",
					"@loader_path/Frameworks",
				);
				PRODUCT_BUNDLE_IDENTIFIER = "com.isabellfrischmann.Cold-CallTests";
				PRODUCT_NAME = "$(TARGET_NAME)";
				SWIFT_VERSION = 4.0;
				TARGETED_DEVICE_FAMILY = "1,2";
				TEST_HOST = "$(BUILT_PRODUCTS_DIR)/Cold Call.app/Cold Call";
			};
			name = Debug;
		};
		5E26B5AE2140C25100165789 /* Release */ = {
			isa = XCBuildConfiguration;
			buildSettings = {
				ALWAYS_EMBED_SWIFT_STANDARD_LIBRARIES = YES;
				BUNDLE_LOADER = "$(TEST_HOST)";
				CODE_SIGN_STYLE = Automatic;
				DEVELOPMENT_TEAM = 99Q8L2A6M6;
				INFOPLIST_FILE = "Cold CallTests/Info.plist";
				LD_RUNPATH_SEARCH_PATHS = (
					"$(inherited)",
					"@executable_path/Frameworks",
					"@loader_path/Frameworks",
				);
				PRODUCT_BUNDLE_IDENTIFIER = "com.isabellfrischmann.Cold-CallTests";
				PRODUCT_NAME = "$(TARGET_NAME)";
				SWIFT_VERSION = 4.0;
				TARGETED_DEVICE_FAMILY = "1,2";
				TEST_HOST = "$(BUILT_PRODUCTS_DIR)/Cold Call.app/Cold Call";
			};
			name = Release;
		};
		5E26B5B02140C25100165789 /* Debug */ = {
			isa = XCBuildConfiguration;
			buildSettings = {
				ALWAYS_EMBED_SWIFT_STANDARD_LIBRARIES = YES;
				CODE_SIGN_STYLE = Automatic;
				DEVELOPMENT_TEAM = 99Q8L2A6M6;
				INFOPLIST_FILE = "Cold CallUITests/Info.plist";
				LD_RUNPATH_SEARCH_PATHS = (
					"$(inherited)",
					"@executable_path/Frameworks",
					"@loader_path/Frameworks",
				);
				PRODUCT_BUNDLE_IDENTIFIER = "com.isabellfrischmann.Cold-CallUITests";
				PRODUCT_NAME = "$(TARGET_NAME)";
				SWIFT_VERSION = 4.0;
				TARGETED_DEVICE_FAMILY = "1,2";
				TEST_TARGET_NAME = "Cold Call";
			};
			name = Debug;
		};
		5E26B5B12140C25100165789 /* Release */ = {
			isa = XCBuildConfiguration;
			buildSettings = {
				ALWAYS_EMBED_SWIFT_STANDARD_LIBRARIES = YES;
				CODE_SIGN_STYLE = Automatic;
				DEVELOPMENT_TEAM = 99Q8L2A6M6;
				INFOPLIST_FILE = "Cold CallUITests/Info.plist";
				LD_RUNPATH_SEARCH_PATHS = (
					"$(inherited)",
					"@executable_path/Frameworks",
					"@loader_path/Frameworks",
				);
				PRODUCT_BUNDLE_IDENTIFIER = "com.isabellfrischmann.Cold-CallUITests";
				PRODUCT_NAME = "$(TARGET_NAME)";
				SWIFT_VERSION = 4.0;
				TARGETED_DEVICE_FAMILY = "1,2";
				TEST_TARGET_NAME = "Cold Call";
			};
			name = Release;
		};
/* End XCBuildConfiguration section */

/* Begin XCConfigurationList section */
		5E26B57C2140C24F00165789 /* Build configuration list for PBXProject "Cold Call" */ = {
			isa = XCConfigurationList;
			buildConfigurations = (
				5E26B5A72140C25100165789 /* Debug */,
				5E26B5A82140C25100165789 /* Release */,
			);
			defaultConfigurationIsVisible = 0;
			defaultConfigurationName = Release;
		};
		5E26B5A92140C25100165789 /* Build configuration list for PBXNativeTarget "Cold Call" */ = {
			isa = XCConfigurationList;
			buildConfigurations = (
				5E26B5AA2140C25100165789 /* Debug */,
				5E26B5AB2140C25100165789 /* Release */,
			);
			defaultConfigurationIsVisible = 0;
			defaultConfigurationName = Release;
		};
		5E26B5AC2140C25100165789 /* Build configuration list for PBXNativeTarget "Cold CallTests" */ = {
			isa = XCConfigurationList;
			buildConfigurations = (
				5E26B5AD2140C25100165789 /* Debug */,
				5E26B5AE2140C25100165789 /* Release */,
			);
			defaultConfigurationIsVisible = 0;
			defaultConfigurationName = Release;
		};
		5E26B5AF2140C25100165789 /* Build configuration list for PBXNativeTarget "Cold CallUITests" */ = {
			isa = XCConfigurationList;
			buildConfigurations = (
				5E26B5B02140C25100165789 /* Debug */,
				5E26B5B12140C25100165789 /* Release */,
			);
			defaultConfigurationIsVisible = 0;
			defaultConfigurationName = Release;
		};
/* End XCConfigurationList section */
	};
	rootObject = 5E26B5792140C24F00165789 /* Project object */;
}
